
Microsoft Visual Studio Solution File, Format Version 12.00
# Visual Studio Version 16
VisualStudioVersion = 16.0.28803.202
MinimumVisualStudioVersion = 10.0.40219.1
Project("{FAE04EC0-301F-11D3-BF4B-00C04F79EFBC}") = "bracketdocious", "bracketdocious.csproj", "{2C496284-F7CB-42A6-90E2-42C0BAAF7821}"
EndProject
Global
	GlobalSection(SolutionConfigurationPlatforms) = preSolution
		Debug|Any CPU = Debug|Any CPU
		Release|Any CPU = Release|Any CPU
	EndGlobalSection
	GlobalSection(ProjectConfigurationPlatforms) = postSolution
		{2C496284-F7CB-42A6-90E2-42C0BAAF7821}.Debug|Any CPU.ActiveCfg = Debug|Any CPU
		{2C496284-F7CB-42A6-90E2-42C0BAAF7821}.Debug|Any CPU.Build.0 = Debug|Any CPU
		{2C496284-F7CB-42A6-90E2-42C0BAAF7821}.Release|Any CPU.ActiveCfg = Release|Any CPU
		{2C496284-F7CB-42A6-90E2-42C0BAAF7821}.Release|Any CPU.Build.0 = Release|Any CPU
	EndGlobalSection
	GlobalSection(SolutionProperties) = preSolution
		HideSolutionNode = FALSE
	EndGlobalSection
	GlobalSection(ExtensibilityGlobals) = postSolution
		SolutionGuid = {0B1743D1-6482-42C2-BDE6-0804540C73A2}
	EndGlobalSection
EndGlobal
